
Microsoft Visual Studio Solution File, Format Version 12.00
# Visual Studio Version 17
VisualStudioVersion = 17.5.33627.172
MinimumVisualStudioVersion = 10.0.40219.1
Project("{9A19103F-16F7-4668-BE54-9A1E7A4F7556}") = "MyAPI", "MyAPI\MyAPI.csproj", "{8ACFAEFD-D698-466E-B50C-235AEEAC72CA}"
EndProject
Project("{FAE04EC0-301F-11D3-BF4B-00C04F79EFBC}") = "Pinger", "Pinger\Pinger.csproj", "{B5090832-2766-40CF-BA2C-F8638D59D785}"
EndProject
Global
	GlobalSection(SolutionConfigurationPlatforms) = preSolution
		Debug|Any CPU = Debug|Any CPU
		Release|Any CPU = Release|Any CPU
	EndGlobalSection
	GlobalSection(ProjectConfigurationPlatforms) = postSolution
		{8ACFAEFD-D698-466E-B50C-235AEEAC72CA}.Debug|Any CPU.ActiveCfg = Debug|Any CPU
		{8ACFAEFD-D698-466E-B50C-235AEEAC72CA}.Debug|Any CPU.Build.0 = Debug|Any CPU
		{8ACFAEFD-D698-466E-B50C-235AEEAC72CA}.Release|Any CPU.ActiveCfg = Release|Any CPU
		{8ACFAEFD-D698-466E-B50C-235AEEAC72CA}.Release|Any CPU.Build.0 = Release|Any CPU
		{B5090832-2766-40CF-BA2C-F8638D59D785}.Debug|Any CPU.ActiveCfg = Debug|Any CPU
		{B5090832-2766-40CF-BA2C-F8638D59D785}.Debug|Any CPU.Build.0 = Debug|Any CPU
		{B5090832-2766-40CF-BA2C-F8638D59D785}.Release|Any CPU.ActiveCfg = Release|Any CPU
		{B5090832-2766-40CF-BA2C-F8638D59D785}.Release|Any CPU.Build.0 = Release|Any CPU
	EndGlobalSection
	GlobalSection(SolutionProperties) = preSolution
		HideSolutionNode = FALSE
	EndGlobalSection
	GlobalSection(ExtensibilityGlobals) = postSolution
		SolutionGuid = {AE04C53F-92E7-4026-A2CA-C7FDC0CCC6EC}
	EndGlobalSection
EndGlobal
